{
  "name": "camera_video",
  "version": "1.0.0",
  "lockfileVersion": 1,
  "requires": true,
  "dependencies": {
    "@byted-creative/camera": {
      "version": "0.0.19",
      "resolved": "http://bnpm.byted.org/@byted-creative/camera/download/@byted-creative/camera-0.0.19.tgz",
      "integrity": "sha1-nDIXtyHiN5z+ATOCSwuLLBdexhc=",
      "requires": {
        "eventemitter3": "^4.0.4"
      }
    },
    "@byted-creative/camera-cocos-layer": {
      "version": "0.0.19",
      "resolved": "http://bnpm.byted.org/@byted-creative/camera-cocos-layer/download/@byted-creative/camera-cocos-layer-0.0.19.tgz",
      "integrity": "sha1-P+bWBzAi8nU/p8r5Jzx7BWsPvjI=",
      "requires": {
        "@byted-creative/camera": "^0.0.19"
      }
    },
    "@byted-creative/camera-face": {
      "version": "0.0.19",
      "resolved": "http://bnpm.byted.org/@byted-creative/camera-face/download/@byted-creative/camera-face-0.0.19.tgz",
      "integrity": "sha1-SfM1t/qIuHsFI44Ws4peb7qZ5y4=",
      "requires": {
        "@byted-creative/camera": "^0.0.19",
        "eventemitter3": "^4.0.4"
      }
    },
    "eventemitter3": {
      "version": "4.0.7",
      "resolved": "http://bnpm.byted.org/eventemitter3/download/eventemitter3-4.0.7.tgz",
      "integrity": "sha1-Lem2j2Uo1WRO9cWVJqG0oHMGFp8="
    }
  }
}
